
Microsoft Visual Studio Solution File, Format Version 12.00
# Visual Studio Version 17
VisualStudioVersion = 17.3.32929.385
MinimumVisualStudioVersion = 10.0.40219.1
Project("{FAE04EC0-301F-11D3-BF4B-00C04F79EFBC}") = "Test.Tomn", "Test.Tomn.csproj", "{8080C5E8-BE68-418A-AC72-2CE0665078D4}"
EndProject
Global
	GlobalSection(SolutionConfigurationPlatforms) = preSolution
		Debug|Any CPU = Debug|Any CPU
		Release|Any CPU = Release|Any CPU
	EndGlobalSection
	GlobalSection(ProjectConfigurationPlatforms) = postSolution
		{8080C5E8-BE68-418A-AC72-2CE0665078D4}.Debug|Any CPU.ActiveCfg = Debug|Any CPU
		{8080C5E8-BE68-418A-AC72-2CE0665078D4}.Debug|Any CPU.Build.0 = Debug|Any CPU
		{8080C5E8-BE68-418A-AC72-2CE0665078D4}.Release|Any CPU.ActiveCfg = Release|Any CPU
		{8080C5E8-BE68-418A-AC72-2CE0665078D4}.Release|Any CPU.Build.0 = Release|Any CPU
	EndGlobalSection
	GlobalSection(SolutionProperties) = preSolution
		HideSolutionNode = FALSE
	EndGlobalSection
	GlobalSection(ExtensibilityGlobals) = postSolution
		SolutionGuid = {62020A4C-1D98-4819-9DBB-7763E755C64F}
	EndGlobalSection
EndGlobal
